
Microsoft Visual Studio Solution File, Format Version 12.00
# Visual Studio Version 17
VisualStudioVersion = 17.4.33122.133
MinimumVisualStudioVersion = 10.0.40219.1
Project("{9A19103F-16F7-4668-BE54-9A1E7A4F7556}") = "BusinessObject", "BusinessObject\BusinessObject.csproj", "{DE60FA40-CB66-473C-84F5-6F9204410643}"
EndProject
Project("{9A19103F-16F7-4668-BE54-9A1E7A4F7556}") = "Infrastructures", "Services\Infrastructures.csproj", "{EC5B174F-0F27-4431-88B0-7089DE206D30}"
EndProject
Project("{9A19103F-16F7-4668-BE54-9A1E7A4F7556}") = "CMS.API", "CMS.API\CMS.API.csproj", "{15CB76DD-5F60-42F2-A6A6-7A4C2AE2038C}"
EndProject
Project("{9A19103F-16F7-4668-BE54-9A1E7A4F7556}") = "CMS.Client", "CMS.Client\CMS.Client.csproj", "{D2F8DDBB-31CA-4A68-AA9B-C4554F65F08D}"
EndProject
Global
	GlobalSection(SolutionConfigurationPlatforms) = preSolution
		Debug|Any CPU = Debug|Any CPU
		Release|Any CPU = Release|Any CPU
	EndGlobalSection
	GlobalSection(ProjectConfigurationPlatforms) = postSolution
		{DE60FA40-CB66-473C-84F5-6F9204410643}.Debug|Any CPU.ActiveCfg = Debug|Any CPU
		{DE60FA40-CB66-473C-84F5-6F9204410643}.Debug|Any CPU.Build.0 = Debug|Any CPU
		{DE60FA40-CB66-473C-84F5-6F9204410643}.Release|Any CPU.ActiveCfg = Release|Any CPU
		{DE60FA40-CB66-473C-84F5-6F9204410643}.Release|Any CPU.Build.0 = Release|Any CPU
		{EC5B174F-0F27-4431-88B0-7089DE206D30}.Debug|Any CPU.ActiveCfg = Debug|Any CPU
		{EC5B174F-0F27-4431-88B0-7089DE206D30}.Debug|Any CPU.Build.0 = Debug|Any CPU
		{EC5B174F-0F27-4431-88B0-7089DE206D30}.Release|Any CPU.ActiveCfg = Release|Any CPU
		{EC5B174F-0F27-4431-88B0-7089DE206D30}.Release|Any CPU.Build.0 = Release|Any CPU
		{15CB76DD-5F60-42F2-A6A6-7A4C2AE2038C}.Debug|Any CPU.ActiveCfg = Debug|Any CPU
		{15CB76DD-5F60-42F2-A6A6-7A4C2AE2038C}.Debug|Any CPU.Build.0 = Debug|Any CPU
		{15CB76DD-5F60-42F2-A6A6-7A4C2AE2038C}.Release|Any CPU.ActiveCfg = Release|Any CPU
		{15CB76DD-5F60-42F2-A6A6-7A4C2AE2038C}.Release|Any CPU.Build.0 = Release|Any CPU
		{D2F8DDBB-31CA-4A68-AA9B-C4554F65F08D}.Debug|Any CPU.ActiveCfg = Debug|Any CPU
		{D2F8DDBB-31CA-4A68-AA9B-C4554F65F08D}.Debug|Any CPU.Build.0 = Debug|Any CPU
		{D2F8DDBB-31CA-4A68-AA9B-C4554F65F08D}.Release|Any CPU.ActiveCfg = Release|Any CPU
		{D2F8DDBB-31CA-4A68-AA9B-C4554F65F08D}.Release|Any CPU.Build.0 = Release|Any CPU
	EndGlobalSection
	GlobalSection(SolutionProperties) = preSolution
		HideSolutionNode = FALSE
	EndGlobalSection
	GlobalSection(ExtensibilityGlobals) = postSolution
		SolutionGuid = {CBFF3CF8-774F-4295-B58B-2A2482F3C6C6}
	EndGlobalSection
EndGlobal
